
Microsoft Visual Studio Solution File, Format Version 12.00
# Visual Studio 15
VisualStudioVersion = 15.0.27703.2000
MinimumVisualStudioVersion = 10.0.40219.1
Project("{00D1A9C2-B5F0-4AF3-8072-F6C62B433612}") = "amerisourcebergen", "amerisourcebergen\amerisourcebergen.sqlproj", "{7034BA8B-38B9-44C8-874F-E8EEE8358035}"
EndProject
Project("{2150E333-8FDC-42A3-9474-1A3956D46DE8}") = "Solution Items", "Solution Items", "{042152BB-3164-4366-863A-205F9310D902}"
	ProjectSection(SolutionItems) = preProject
		TextFile1.txt = TextFile1.txt
	EndProjectSection
EndProject
Global
	GlobalSection(SolutionConfigurationPlatforms) = preSolution
		Debug|Any CPU = Debug|Any CPU
		Release|Any CPU = Release|Any CPU
	EndGlobalSection
	GlobalSection(ProjectConfigurationPlatforms) = postSolution
		{7034BA8B-38B9-44C8-874F-E8EEE8358035}.Debug|Any CPU.ActiveCfg = Debug|Any CPU
		{7034BA8B-38B9-44C8-874F-E8EEE8358035}.Debug|Any CPU.Build.0 = Debug|Any CPU
		{7034BA8B-38B9-44C8-874F-E8EEE8358035}.Debug|Any CPU.Deploy.0 = Debug|Any CPU
		{7034BA8B-38B9-44C8-874F-E8EEE8358035}.Release|Any CPU.ActiveCfg = Release|Any CPU
		{7034BA8B-38B9-44C8-874F-E8EEE8358035}.Release|Any CPU.Build.0 = Release|Any CPU
		{7034BA8B-38B9-44C8-874F-E8EEE8358035}.Release|Any CPU.Deploy.0 = Release|Any CPU
	EndGlobalSection
	GlobalSection(SolutionProperties) = preSolution
		HideSolutionNode = FALSE
	EndGlobalSection
	GlobalSection(ExtensibilityGlobals) = postSolution
		VisualSVNWorkingCopyRoot = .
		SolutionGuid = {3F074B24-450B-4DB7-BC6C-9718E5AA93B1}
	EndGlobalSection
EndGlobal
